
Microsoft Visual Studio Solution File, Format Version 12.00
# Visual Studio Version 17
VisualStudioVersion = 17.5.002.0
MinimumVisualStudioVersion = 10.0.40219.1
Project("{9A19103F-16F7-4668-BE54-9A1E7A4F7556}") = "Gport.UpgradeAllProjects", "Gport.UpgradeAllProjects\Gport.UpgradeAllProjects.csproj", "{B63C2B8C-9D42-44A5-BC3B-11F007794FAF}"
EndProject
Global
	GlobalSection(SolutionConfigurationPlatforms) = preSolution
		Debug|Any CPU = Debug|Any CPU
		Release|Any CPU = Release|Any CPU
	EndGlobalSection
	GlobalSection(ProjectConfigurationPlatforms) = postSolution
		{B63C2B8C-9D42-44A5-BC3B-11F007794FAF}.Debug|Any CPU.ActiveCfg = Debug|Any CPU
		{B63C2B8C-9D42-44A5-BC3B-11F007794FAF}.Debug|Any CPU.Build.0 = Debug|Any CPU
		{B63C2B8C-9D42-44A5-BC3B-11F007794FAF}.Release|Any CPU.ActiveCfg = Release|Any CPU
		{B63C2B8C-9D42-44A5-BC3B-11F007794FAF}.Release|Any CPU.Build.0 = Release|Any CPU
	EndGlobalSection
	GlobalSection(SolutionProperties) = preSolution
		HideSolutionNode = FALSE
	EndGlobalSection
	GlobalSection(ExtensibilityGlobals) = postSolution
		SolutionGuid = {65103ED1-B343-413A-AAC5-515627643351}
	EndGlobalSection
EndGlobal
